// !$*UTF8*$!
{
	archiveVersion = 1;
	classes = {
	};
	objectVersion = 50;
	objects = {

/* Begin PBXBuildFile section */
		8502D54C239E4E3000309497 /* WebsiteDescription.swift in Sources */ = {isa = PBXBuildFile; fileRef = 8502D54B239E4E3000309497 /* WebsiteDescription.swift */; };
		8502D54E239E57B200309497 /* TableViewCell.swift in Sources */ = {isa = PBXBuildFile; fileRef = 8502D54D239E57B200309497 /* TableViewCell.swift */; };
		855D9570239FDDA500666B4C /* CustomCollectionViewCell.swift in Sources */ = {isa = PBXBuildFile; fileRef = 855D956F239FDDA500666B4C /* CustomCollectionViewCell.swift */; };
		855D9572239FEBB600666B4C /* NetworkManager.swift in Sources */ = {isa = PBXBuildFile; fileRef = 855D9571239FEBB600666B4C /* NetworkManager.swift */; };
		855D957423A0AA8A00666B4C /* MainViewController.swift in Sources */ = {isa = PBXBuildFile; fileRef = 855D957323A0AA8A00666B4C /* MainViewController.swift */; };
		855D957623A0B10000666B4C /* ImageProperties.swift in Sources */ = {isa = PBXBuildFile; fileRef = 855D957523A0B10000666B4C /* ImageProperties.swift */; };
		8576108D23A6656800687D17 /* DataProvider.swift in Sources */ = {isa = PBXBuildFile; fileRef = 8576108C23A6656800687D17 /* DataProvider.swift */; };
		858500FB239D536600B536E2 /* CoursesViewController.swift in Sources */ = {isa = PBXBuildFile; fileRef = 858500FA239D536600B536E2 /* CoursesViewController.swift */; };
		858500FF239D5A2A00B536E2 /* WebViewController.swift in Sources */ = {isa = PBXBuildFile; fileRef = 858500FE239D5A2A00B536E2 /* WebViewController.swift */; };
		85850101239D5D4B00B536E2 /* Course.swift in Sources */ = {isa = PBXBuildFile; fileRef = 85850100239D5D4B00B536E2 /* Course.swift */; };
		85D423FC239CE10500BCDA02 /* AppDelegate.swift in Sources */ = {isa = PBXBuildFile; fileRef = 85D423FB239CE10500BCDA02 /* AppDelegate.swift */; };
		85D423FE239CE10500BCDA02 /* SceneDelegate.swift in Sources */ = {isa = PBXBuildFile; fileRef = 85D423FD239CE10500BCDA02 /* SceneDelegate.swift */; };
		85D42403239CE10500BCDA02 /* Main.storyboard in Resources */ = {isa = PBXBuildFile; fileRef = 85D42401239CE10500BCDA02 /* Main.storyboard */; };
		85D42405239CE10500BCDA02 /* Assets.xcassets in Resources */ = {isa = PBXBuildFile; fileRef = 85D42404239CE10500BCDA02 /* Assets.xcassets */; };
		85D42408239CE10500BCDA02 /* LaunchScreen.storyboard in Resources */ = {isa = PBXBuildFile; fileRef = 85D42406239CE10500BCDA02 /* LaunchScreen.storyboard */; };
		85D42410239CE11400BCDA02 /* ImageViewController.swift in Sources */ = {isa = PBXBuildFile; fileRef = 85D4240F239CE11400BCDA02 /* ImageViewController.swift */; };
/* End PBXBuildFile section */

/* Begin PBXFileReference section */
		8502D54B239E4E3000309497 /* WebsiteDescription.swift */ = {isa = PBXFileReference; lastKnownFileType = sourcecode.swift; path = WebsiteDescription.swift; sourceTree = "<group>"; };
		8502D54D239E57B200309497 /* TableViewCell.swift */ = {isa = PBXFileReference; lastKnownFileType = sourcecode.swift; path = TableViewCell.swift; sourceTree = "<group>"; };
		855D956F239FDDA500666B4C /* CustomCollectionViewCell.swift */ = {isa = PBXFileReference; lastKnownFileType = sourcecode.swift; path = CustomCollectionViewCell.swift; sourceTree = "<group>"; };
		855D9571239FEBB600666B4C /* NetworkManager.swift */ = {isa = PBXFileReference; lastKnownFileType = sourcecode.swift; path = NetworkManager.swift; sourceTree = "<group>"; };
		855D957323A0AA8A00666B4C /* MainViewController.swift */ = {isa = PBXFileReference; lastKnownFileType = sourcecode.swift; path = MainViewController.swift; sourceTree = "<group>"; };
		855D957523A0B10000666B4C /* ImageProperties.swift */ = {isa = PBXFileReference; lastKnownFileType = sourcecode.swift; path = ImageProperties.swift; sourceTree = "<group>"; };
		8576108C23A6656800687D17 /* DataProvider.swift */ = {isa = PBXFileReference; lastKnownFileType = sourcecode.swift; path = DataProvider.swift; sourceTree = "<group>"; };
		858500FA239D536600B536E2 /* CoursesViewController.swift */ = {isa = PBXFileReference; lastKnownFileType = sourcecode.swift; path = CoursesViewController.swift; sourceTree = "<group>"; };
		858500FE239D5A2A00B536E2 /* WebViewController.swift */ = {isa = PBXFileReference; lastKnownFileType = sourcecode.swift; path = WebViewController.swift; sourceTree = "<group>"; };
		85850100239D5D4B00B536E2 /* Course.swift */ = {isa = PBXFileReference; lastKnownFileType = sourcecode.swift; path = Course.swift; sourceTree = "<group>"; };
		85D423F8239CE10500BCDA02 /* URLStudy.app */ = {isa = PBXFileReference; explicitFileType = wrapper.application; includeInIndex = 0; path = URLStudy.app; sourceTree = BUILT_PRODUCTS_DIR; };
		85D423FB239CE10500BCDA02 /* AppDelegate.swift */ = {isa = PBXFileReference; lastKnownFileType = sourcecode.swift; path = AppDelegate.swift; sourceTree = "<group>"; };
		85D423FD239CE10500BCDA02 /* SceneDelegate.swift */ = {isa = PBXFileReference; lastKnownFileType = sourcecode.swift; path = SceneDelegate.swift; sourceTree = "<group>"; };
		85D42402239CE10500BCDA02 /* Base */ = {isa = PBXFileReference; lastKnownFileType = file.storyboard; name = Base; path = Base.lproj/Main.storyboard; sourceTree = "<group>"; };
		85D42404239CE10500BCDA02 /* Assets.xcassets */ = {isa = PBXFileReference; lastKnownFileType = folder.assetcatalog; path = Assets.xcassets; sourceTree = "<group>"; };
		85D42407239CE10500BCDA02 /* Base */ = {isa = PBXFileReference; lastKnownFileType = file.storyboard; name = Base; path = Base.lproj/LaunchScreen.storyboard; sourceTree = "<group>"; };
		85D42409239CE10500BCDA02 /* Info.plist */ = {isa = PBXFileReference; lastKnownFileType = text.plist.xml; path = Info.plist; sourceTree = "<group>"; };
		85D4240F239CE11400BCDA02 /* ImageViewController.swift */ = {isa = PBXFileReference; lastKnownFileType = sourcecode.swift; path = ImageViewController.swift; sourceTree = "<group>"; };
/* End PBXFileReference section */

/* Begin PBXFrameworksBuildPhase section */
		85D423F5239CE10500BCDA02 /* Frameworks */ = {
			isa = PBXFrameworksBuildPhase;
			buildActionMask = 2147483647;
			files = (
			);
			runOnlyForDeploymentPostprocessing = 0;
		};
/* End PBXFrameworksBuildPhase section */

/* Begin PBXGroup section */
		855D959723A2074600666B4C /* View Controllers */ = {
			isa = PBXGroup;
			children = (
				855D957323A0AA8A00666B4C /* MainViewController.swift */,
				85D4240F239CE11400BCDA02 /* ImageViewController.swift */,
				858500FA239D536600B536E2 /* CoursesViewController.swift */,
				858500FE239D5A2A00B536E2 /* WebViewController.swift */,
			);
			path = "View Controllers";
			sourceTree = "<group>";
		};
		855D959823A2078B00666B4C /* Cell */ = {
			isa = PBXGroup;
			children = (
				8502D54D239E57B200309497 /* TableViewCell.swift */,
				855D956F239FDDA500666B4C /* CustomCollectionViewCell.swift */,
			);
			path = Cell;
			sourceTree = "<group>";
		};
		855D959923A207AB00666B4C /* Structurs */ = {
			isa = PBXGroup;
			children = (
				8502D54B239E4E3000309497 /* WebsiteDescription.swift */,
				855D9571239FEBB600666B4C /* NetworkManager.swift */,
				8576108C23A6656800687D17 /* DataProvider.swift */,
				85850100239D5D4B00B536E2 /* Course.swift */,
				855D957523A0B10000666B4C /* ImageProperties.swift */,
			);
			path = Structurs;
			sourceTree = "<group>";
		};
		85D423EF239CE10500BCDA02 = {
			isa = PBXGroup;
			children = (
				85D423FA239CE10500BCDA02 /* URLStudy */,
				85D423F9239CE10500BCDA02 /* Products */,
			);
			sourceTree = "<group>";
		};
		85D423F9239CE10500BCDA02 /* Products */ = {
			isa = PBXGroup;
			children = (
				85D423F8239CE10500BCDA02 /* URLStudy.app */,
			);
			name = Products;
			sourceTree = "<group>";
		};
		85D423FA239CE10500BCDA02 /* URLStudy */ = {
			isa = PBXGroup;
			children = (
				85D423FB239CE10500BCDA02 /* AppDelegate.swift */,
				85D423FD239CE10500BCDA02 /* SceneDelegate.swift */,
				855D959723A2074600666B4C /* View Controllers */,
				855D959823A2078B00666B4C /* Cell */,
				855D959923A207AB00666B4C /* Structurs */,
				85D42401239CE10500BCDA02 /* Main.storyboard */,
				85D42404239CE10500BCDA02 /* Assets.xcassets */,
				85D42406239CE10500BCDA02 /* LaunchScreen.storyboard */,
				85D42409239CE10500BCDA02 /* Info.plist */,
			);
			path = URLStudy;
			sourceTree = "<group>";
		};
/* End PBXGroup section */

/* Begin PBXNativeTarget section */
		85D423F7239CE10500BCDA02 /* URLStudy */ = {
			isa = PBXNativeTarget;
			buildConfigurationList = 85D4240C239CE10500BCDA02 /* Build configuration list for PBXNativeTarget "URLStudy" */;
			buildPhases = (
				85D423F4239CE10500BCDA02 /* Sources */,
				85D423F5239CE10500BCDA02 /* Frameworks */,
				85D423F6239CE10500BCDA02 /* Resources */,
			);
			buildRules = (
			);
			dependencies = (
			);
			name = URLStudy;
			productName = URLStudy;
			productReference = 85D423F8239CE10500BCDA02 /* URLStudy.app */;
			productType = "com.apple.product-type.application";
		};
/* End PBXNativeTarget section */

/* Begin PBXProject section */
		85D423F0239CE10500BCDA02 /* Project object */ = {
			isa = PBXProject;
			attributes = {
				LastSwiftUpdateCheck = 1120;
				LastUpgradeCheck = 1120;
				ORGANIZATIONNAME = "Alena Khoroshilova";
				TargetAttributes = {
					85D423F7239CE10500BCDA02 = {
						CreatedOnToolsVersion = 11.2.1;
					};
				};
			};
			buildConfigurationList = 85D423F3239CE10500BCDA02 /* Build configuration list for PBXProject "URLStudy" */;
			compatibilityVersion = "Xcode 9.3";
			developmentRegion = en;
			hasScannedForEncodings = 0;
			knownRegions = (
				en,
				Base,
			);
			mainGroup = 85D423EF239CE10500BCDA02;
			productRefGroup = 85D423F9239CE10500BCDA02 /* Products */;
			projectDirPath = "";
			projectRoot = "";
			targets = (
				85D423F7239CE10500BCDA02 /* URLStudy */,
			);
		};
/* End PBXProject section */

/* Begin PBXResourcesBuildPhase section */
		85D423F6239CE10500BCDA02 /* Resources */ = {
			isa = PBXResourcesBuildPhase;
			buildActionMask = 2147483647;
			files = (
				85D42408239CE10500BCDA02 /* LaunchScreen.storyboard in Resources */,
				85D42405239CE10500BCDA02 /* Assets.xcassets in Resources */,
				85D42403239CE10500BCDA02 /* Main.storyboard in Resources */,
			);
			runOnlyForDeploymentPostprocessing = 0;
		};
/* End PBXResourcesBuildPhase section */

/* Begin PBXSourcesBuildPhase section */
		85D423F4239CE10500BCDA02 /* Sources */ = {
			isa = PBXSourcesBuildPhase;
			buildActionMask = 2147483647;
			files = (
				855D9572239FEBB600666B4C /* NetworkManager.swift in Sources */,
				85850101239D5D4B00B536E2 /* Course.swift in Sources */,
				8502D54C239E4E3000309497 /* WebsiteDescription.swift in Sources */,
				8502D54E239E57B200309497 /* TableViewCell.swift in Sources */,
				858500FF239D5A2A00B536E2 /* WebViewController.swift in Sources */,
				855D957423A0AA8A00666B4C /* MainViewController.swift in Sources */,
				85D423FC239CE10500BCDA02 /* AppDelegate.swift in Sources */,
				85D42410239CE11400BCDA02 /* ImageViewController.swift in Sources */,
				855D957623A0B10000666B4C /* ImageProperties.swift in Sources */,
				85D423FE239CE10500BCDA02 /* SceneDelegate.swift in Sources */,
				858500FB239D536600B536E2 /* CoursesViewController.swift in Sources */,
				855D9570239FDDA500666B4C /* CustomCollectionViewCell.swift in Sources */,
				8576108D23A6656800687D17 /* DataProvider.swift in Sources */,
			);
			runOnlyForDeploymentPostprocessing = 0;
		};
/* End PBXSourcesBuildPhase section */

/* Begin PBXVariantGroup section */
		85D42401239CE10500BCDA02 /* Main.storyboard */ = {
			isa = PBXVariantGroup;
			children = (
				85D42402239CE10500BCDA02 /* Base */,
			);
			name = Main.storyboard;
			sourceTree = "<group>";
		};
		85D42406239CE10500BCDA02 /* LaunchScreen.storyboard */ = {
			isa = PBXVariantGroup;
			children = (
				85D42407239CE10500BCDA02 /* Base */,
			);
			name = LaunchScreen.storyboard;
			sourceTree = "<group>";
		};
/* End PBXVariantGroup section */

/* Begin XCBuildConfiguration section */
		85D4240A239CE10500BCDA02 /* Debug */ = {
			isa = XCBuildConfiguration;
			buildSettings = {
				ALWAYS_SEARCH_USER_PATHS = NO;
				CLANG_ANALYZER_NONNULL = YES;
				CLANG_ANALYZER_NUMBER_OBJECT_CONVERSION = YES_AGGRESSIVE;
				CLANG_CXX_LANGUAGE_STANDARD = "gnu++14";
				CLANG_CXX_LIBRARY = "libc++";
				CLANG_ENABLE_MODULES = YES;
				CLANG_ENABLE_OBJC_ARC = YES;
				CLANG_ENABLE_OBJC_WEAK = YES;
				CLANG_WARN_BLOCK_CAPTURE_AUTORELEASING = YES;
				CLANG_WARN_BOOL_CONVERSION = YES;
				CLANG_WARN_COMMA = YES;
				CLANG_WARN_CONSTANT_CONVERSION = YES;
				CLANG_WARN_DEPRECATED_OBJC_IMPLEMENTATIONS = YES;
				CLANG_WARN_DIRECT_OBJC_ISA_USAGE = YES_ERROR;
				CLANG_WARN_DOCUMENTATION_COMMENTS = YES;
				CLANG_WARN_EMPTY_BODY = YES;
				CLANG_WARN_ENUM_CONVERSION = YES;
				CLANG_WARN_INFINITE_RECURSION = YES;
				CLANG_WARN_INT_CONVERSION = YES;
				CLANG_WARN_NON_LITERAL_NULL_CONVERSION = YES;
				CLANG_WARN_OBJC_IMPLICIT_RETAIN_SELF = YES;
				CLANG_WARN_OBJC_LITERAL_CONVERSION = YES;
				CLANG_WARN_OBJC_ROOT_CLASS = YES_ERROR;
				CLANG_WARN_RANGE_LOOP_ANALYSIS = YES;
				CLANG_WARN_STRICT_PROTOTYPES = YES;
				CLANG_WARN_SUSPICIOUS_MOVE = YES;
				CLANG_WARN_UNGUARDED_AVAILABILITY = YES_AGGRESSIVE;
				CLANG_WARN_UNREACHABLE_CODE = YES;
				CLANG_WARN__DUPLICATE_METHOD_MATCH = YES;
				COPY_PHASE_STRIP = NO;
				DEBUG_INFORMATION_FORMAT = dwarf;
				ENABLE_STRICT_OBJC_MSGSEND = YES;
				ENABLE_TESTABILITY = YES;
				GCC_C_LANGUAGE_STANDARD = gnu11;
				GCC_DYNAMIC_NO_PIC = NO;
				GCC_NO_COMMON_BLOCKS = YES;
				GCC_OPTIMIZATION_LEVEL = 0;
				GCC_PREPROCESSOR_DEFINITIONS = (
					"DEBUG=1",
					"$(inherited)",
				);
				GCC_WARN_64_TO_32_BIT_CONVERSION = YES;
				GCC_WARN_ABOUT_RETURN_TYPE = YES_ERROR;
				GCC_WARN_UNDECLARED_SELECTOR = YES;
				GCC_WARN_UNINITIALIZED_AUTOS = YES_AGGRESSIVE;
				GCC_WARN_UNUSED_FUNCTION = YES;
				GCC_WARN_UNUSED_VARIABLE = YES;
				IPHONEOS_DEPLOYMENT_TARGET = 13.2;
				MTL_ENABLE_DEBUG_INFO = INCLUDE_SOURCE;
				MTL_FAST_MATH = YES;
				ONLY_ACTIVE_ARCH = YES;
				SDKROOT = iphoneos;
				SWIFT_ACTIVE_COMPILATION_CONDITIONS = DEBUG;
				SWIFT_OPTIMIZATION_LEVEL = "-Onone";
			};
			name = Debug;
		};
		85D4240B239CE10500BCDA02 /* Release */ = {
			isa = XCBuildConfiguration;
			buildSettings = {
				ALWAYS_SEARCH_USER_PATHS = NO;
				CLANG_ANALYZER_NONNULL = YES;
				CLANG_ANALYZER_NUMBER_OBJECT_CONVERSION = YES_AGGRESSIVE;
				CLANG_CXX_LANGUAGE_STANDARD = "gnu++14";
				CLANG_CXX_LIBRARY = "libc++";
				CLANG_ENABLE_MODULES = YES;
				CLANG_ENABLE_OBJC_ARC = YES;
				CLANG_ENABLE_OBJC_WEAK = YES;
				CLANG_WARN_BLOCK_CAPTURE_AUTORELEASING = YES;
				CLANG_WARN_BOOL_CONVERSION = YES;
				CLANG_WARN_COMMA = YES;
				CLANG_WARN_CONSTANT_CONVERSION = YES;
				CLANG_WARN_DEPRECATED_OBJC_IMPLEMENTATIONS = YES;
				CLANG_WARN_DIRECT_OBJC_ISA_USAGE = YES_ERROR;
				CLANG_WARN_DOCUMENTATION_COMMENTS = YES;
				CLANG_WARN_EMPTY_BODY = YES;
				CLANG_WARN_ENUM_CONVERSION = YES;
				CLANG_WARN_INFINITE_RECURSION = YES;
				CLANG_WARN_INT_CONVERSION = YES;
				CLANG_WARN_NON_LITERAL_NULL_CONVERSION = YES;
				CLANG_WARN_OBJC_IMPLICIT_RETAIN_SELF = YES;
				CLANG_WARN_OBJC_LITERAL_CONVERSION = YES;
				CLANG_WARN_OBJC_ROOT_CLASS = YES_ERROR;
				CLANG_WARN_RANGE_LOOP_ANALYSIS = YES;
				CLANG_WARN_STRICT_PROTOTYPES = YES;
				CLANG_WARN_SUSPICIOUS_MOVE = YES;
				CLANG_WARN_UNGUARDED_AVAILABILITY = YES_AGGRESSIVE;
				CLANG_WARN_UNREACHABLE_CODE = YES;
				CLANG_WARN__DUPLICATE_METHOD_MATCH = YES;
				COPY_PHASE_STRIP = NO;
				DEBUG_INFORMATION_FORMAT = "dwarf-with-dsym";
				ENABLE_NS_ASSERTIONS = NO;
				ENABLE_STRICT_OBJC_MSGSEND = YES;
				GCC_C_LANGUAGE_STANDARD = gnu11;
				GCC_NO_COMMON_BLOCKS = YES;
				GCC_WARN_64_TO_32_BIT_CONVERSION = YES;
				GCC_WARN_ABOUT_RETURN_TYPE = YES_ERROR;
				GCC_WARN_UNDECLARED_SELECTOR = YES;
				GCC_WARN_UNINITIALIZED_AUTOS = YES_AGGRESSIVE;
				GCC_WARN_UNUSED_FUNCTION = YES;
				GCC_WARN_UNUSED_VARIABLE = YES;
				IPHONEOS_DEPLOYMENT_TARGET = 13.2;
				MTL_ENABLE_DEBUG_INFO = NO;
				MTL_FAST_MATH = YES;
				SDKROOT = iphoneos;
				SWIFT_COMPILATION_MODE = wholemodule;
				SWIFT_OPTIMIZATION_LEVEL = "-O";
				VALIDATE_PRODUCT = YES;
			};
			name = Release;
		};
		85D4240D239CE10500BCDA02 /* Debug */ = {
			isa = XCBuildConfiguration;
			buildSettings = {
				ASSETCATALOG_COMPILER_APPICON_NAME = AppIcon;
				CODE_SIGN_STYLE = Automatic;
				INFOPLIST_FILE = URLStudy/Info.plist;
				LD_RUNPATH_SEARCH_PATHS = (
					"$(inherited)",
					"@executable_path/Frameworks",
				);
				PRODUCT_BUNDLE_IDENTIFIER = com.AlenaKhoroshilova.URLStudy;
				PRODUCT_NAME = "$(TARGET_NAME)";
				SWIFT_VERSION = 5.0;
				TARGETED_DEVICE_FAMILY = "1,2";
			};
			name = Debug;
		};
		85D4240E239CE10500BCDA02 /* Release */ = {
			isa = XCBuildConfiguration;
			buildSettings = {
				ASSETCATALOG_COMPILER_APPICON_NAME = AppIcon;
				CODE_SIGN_STYLE = Manual;
				DEVELOPMENT_TEAM = "";
				INFOPLIST_FILE = URLStudy/Info.plist;
				LD_RUNPATH_SEARCH_PATHS = (
					"$(inherited)",
					"@executable_path/Frameworks",
				);
				PRODUCT_BUNDLE_IDENTIFIER = com.AlenaKhoroshilova.URLStudy;
				PRODUCT_NAME = "$(TARGET_NAME)";
				PROVISIONING_PROFILE_SPECIFIER = "";
				SWIFT_VERSION = 5.0;
				TARGETED_DEVICE_FAMILY = "1,2";
			};
			name = Release;
		};
/* End XCBuildConfiguration section */

/* Begin XCConfigurationList section */
		85D423F3239CE10500BCDA02 /* Build configuration list for PBXProject "URLStudy" */ = {
			isa = XCConfigurationList;
			buildConfigurations = (
				85D4240A239CE10500BCDA02 /* Debug */,
				85D4240B239CE10500BCDA02 /* Release */,
			);
			defaultConfigurationIsVisible = 0;
			defaultConfigurationName = Release;
		};
		85D4240C239CE10500BCDA02 /* Build configuration list for PBXNativeTarget "URLStudy" */ = {
			isa = XCConfigurationList;
			buildConfigurations = (
				85D4240D239CE10500BCDA02 /* Debug */,
				85D4240E239CE10500BCDA02 /* Release */,
			);
			defaultConfigurationIsVisible = 0;
			defaultConfigurationName = Release;
		};
/* End XCConfigurationList section */
	};
	rootObject = 85D423F0239CE10500BCDA02 /* Project object */;
}
